
Microsoft Visual Studio Solution File, Format Version 12.00
# Visual Studio 15
VisualStudioVersion = 15.0.28010.2048
MinimumVisualStudioVersion = 10.0.40219.1
Project("{FAE04EC0-301F-11D3-BF4B-00C04F79EFBC}") = "Singleton", "Singleton\Singleton.csproj", "{512D8EF2-7AC0-46BF-ACE9-6591155A6103}"
EndProject
Global
	GlobalSection(SolutionConfigurationPlatforms) = preSolution
		Debug|Any CPU = Debug|Any CPU
		Release|Any CPU = Release|Any CPU
	EndGlobalSection
	GlobalSection(ProjectConfigurationPlatforms) = postSolution
		{512D8EF2-7AC0-46BF-ACE9-6591155A6103}.Debug|Any CPU.ActiveCfg = Debug|Any CPU
		{512D8EF2-7AC0-46BF-ACE9-6591155A6103}.Debug|Any CPU.Build.0 = Debug|Any CPU
		{512D8EF2-7AC0-46BF-ACE9-6591155A6103}.Release|Any CPU.ActiveCfg = Release|Any CPU
		{512D8EF2-7AC0-46BF-ACE9-6591155A6103}.Release|Any CPU.Build.0 = Release|Any CPU
	EndGlobalSection
	GlobalSection(SolutionProperties) = preSolution
		HideSolutionNode = FALSE
	EndGlobalSection
	GlobalSection(ExtensibilityGlobals) = postSolution
		SolutionGuid = {09B40757-A86E-4FD9-BBCE-53FE77C38067}
	EndGlobalSection
EndGlobal
