
Microsoft Visual Studio Solution File, Format Version 12.00
# Visual Studio 15
VisualStudioVersion = 15.0.28010.2048
MinimumVisualStudioVersion = 10.0.40219.1
Project("{FAE04EC0-301F-11D3-BF4B-00C04F79EFBC}") = "Bridge", "Bridge\Bridge.csproj", "{98EC1FB2-BEC6-4276-9D0C-6635B63405FA}"
EndProject
Global
	GlobalSection(SolutionConfigurationPlatforms) = preSolution
		Debug|Any CPU = Debug|Any CPU
		Release|Any CPU = Release|Any CPU
	EndGlobalSection
	GlobalSection(ProjectConfigurationPlatforms) = postSolution
		{98EC1FB2-BEC6-4276-9D0C-6635B63405FA}.Debug|Any CPU.ActiveCfg = Debug|Any CPU
		{98EC1FB2-BEC6-4276-9D0C-6635B63405FA}.Debug|Any CPU.Build.0 = Debug|Any CPU
		{98EC1FB2-BEC6-4276-9D0C-6635B63405FA}.Release|Any CPU.ActiveCfg = Release|Any CPU
		{98EC1FB2-BEC6-4276-9D0C-6635B63405FA}.Release|Any CPU.Build.0 = Release|Any CPU
	EndGlobalSection
	GlobalSection(SolutionProperties) = preSolution
		HideSolutionNode = FALSE
	EndGlobalSection
	GlobalSection(ExtensibilityGlobals) = postSolution
		SolutionGuid = {B8CBEED9-B296-4BB6-BBC2-9302E7BAC5B5}
	EndGlobalSection
EndGlobal
