
Microsoft Visual Studio Solution File, Format Version 12.00
# Visual Studio 15
VisualStudioVersion = 15.0.28010.2026
MinimumVisualStudioVersion = 10.0.40219.1
Project("{FAE04EC0-301F-11D3-BF4B-00C04F79EFBC}") = "Mediator", "Mediator\Mediator.csproj", "{192FABF0-8E29-45BD-9CA7-E6BBE7BE7B73}"
EndProject
Global
	GlobalSection(SolutionConfigurationPlatforms) = preSolution
		Debug|Any CPU = Debug|Any CPU
		Release|Any CPU = Release|Any CPU
	EndGlobalSection
	GlobalSection(ProjectConfigurationPlatforms) = postSolution
		{192FABF0-8E29-45BD-9CA7-E6BBE7BE7B73}.Debug|Any CPU.ActiveCfg = Debug|Any CPU
		{192FABF0-8E29-45BD-9CA7-E6BBE7BE7B73}.Debug|Any CPU.Build.0 = Debug|Any CPU
		{192FABF0-8E29-45BD-9CA7-E6BBE7BE7B73}.Release|Any CPU.ActiveCfg = Release|Any CPU
		{192FABF0-8E29-45BD-9CA7-E6BBE7BE7B73}.Release|Any CPU.Build.0 = Release|Any CPU
	EndGlobalSection
	GlobalSection(SolutionProperties) = preSolution
		HideSolutionNode = FALSE
	EndGlobalSection
	GlobalSection(ExtensibilityGlobals) = postSolution
		SolutionGuid = {79B8D328-B49E-4D3B-AFCC-D34E3CDDF7F3}
	EndGlobalSection
EndGlobal
